
Microsoft Visual Studio Solution File, Format Version 12.00
# Visual Studio Version 17
VisualStudioVersion = 17.0.31903.59
MinimumVisualStudioVersion = 10.0.40219.1
Project("{9A19103F-16F7-4668-BE54-9A1E7A4F7556}") = "ExtendInd.Api", "ExtendInd.Api\ExtendInd.Api.csproj", "{2C3CFE79-3337-4F07-A85D-9376047B3178}"
EndProject
Project("{9A19103F-16F7-4668-BE54-9A1E7A4F7556}") = "ExtendInd.Application", "ExtendInd.Application\ExtendInd.Application.csproj", "{BD13C481-34D4-4AEF-8F94-EDDB16EEB1DD}"
EndProject
Project("{9A19103F-16F7-4668-BE54-9A1E7A4F7556}") = "ExtendInd.Domain", "ExtendInd.Domain\ExtendInd.Domain.csproj", "{4C20ACDF-6895-4E71-81B1-5A21466A70D6}"
EndProject
Project("{9A19103F-16F7-4668-BE54-9A1E7A4F7556}") = "ExtendInd.InfraStructure", "ExtendInd.InfraStructure\ExtendInd.InfraStructure.csproj", "{A023C547-0A01-4156-99CD-88325A5F8082}"
EndProject
Project("{FAE04EC0-301F-11D3-BF4B-00C04F79EFBC}") = "ExtendInd.Mobile", "ExtendInd.Mobile\ExtendInd.Mobile.csproj", "{02C2E1FE-8430-470A-B729-7F2E833F6E35}"
EndProject
Project("{FAE04EC0-301F-11D3-BF4B-00C04F79EFBC}") = "ExtendInd.Desktop", "ExtendInd.Desktop\ExtendInd.Desktop.csproj", "{79017189-083D-4DAE-915A-0B88244ADDA3}"
EndProject
Global
	GlobalSection(SolutionConfigurationPlatforms) = preSolution
		Debug|Any CPU = Debug|Any CPU
		Release|Any CPU = Release|Any CPU
	EndGlobalSection
	GlobalSection(ProjectConfigurationPlatforms) = postSolution
		{2C3CFE79-3337-4F07-A85D-9376047B3178}.Debug|Any CPU.ActiveCfg = Debug|Any CPU
		{2C3CFE79-3337-4F07-A85D-9376047B3178}.Debug|Any CPU.Build.0 = Debug|Any CPU
		{2C3CFE79-3337-4F07-A85D-9376047B3178}.Release|Any CPU.ActiveCfg = Release|Any CPU
		{2C3CFE79-3337-4F07-A85D-9376047B3178}.Release|Any CPU.Build.0 = Release|Any CPU
		{BD13C481-34D4-4AEF-8F94-EDDB16EEB1DD}.Debug|Any CPU.ActiveCfg = Debug|Any CPU
		{BD13C481-34D4-4AEF-8F94-EDDB16EEB1DD}.Debug|Any CPU.Build.0 = Debug|Any CPU
		{BD13C481-34D4-4AEF-8F94-EDDB16EEB1DD}.Release|Any CPU.ActiveCfg = Release|Any CPU
		{BD13C481-34D4-4AEF-8F94-EDDB16EEB1DD}.Release|Any CPU.Build.0 = Release|Any CPU
		{4C20ACDF-6895-4E71-81B1-5A21466A70D6}.Debug|Any CPU.ActiveCfg = Debug|Any CPU
		{4C20ACDF-6895-4E71-81B1-5A21466A70D6}.Debug|Any CPU.Build.0 = Debug|Any CPU
		{4C20ACDF-6895-4E71-81B1-5A21466A70D6}.Release|Any CPU.ActiveCfg = Release|Any CPU
		{4C20ACDF-6895-4E71-81B1-5A21466A70D6}.Release|Any CPU.Build.0 = Release|Any CPU
		{A023C547-0A01-4156-99CD-88325A5F8082}.Debug|Any CPU.ActiveCfg = Debug|Any CPU
		{A023C547-0A01-4156-99CD-88325A5F8082}.Debug|Any CPU.Build.0 = Debug|Any CPU
		{A023C547-0A01-4156-99CD-88325A5F8082}.Release|Any CPU.ActiveCfg = Release|Any CPU
		{A023C547-0A01-4156-99CD-88325A5F8082}.Release|Any CPU.Build.0 = Release|Any CPU
		{02C2E1FE-8430-470A-B729-7F2E833F6E35}.Debug|Any CPU.ActiveCfg = Debug|Any CPU
		{02C2E1FE-8430-470A-B729-7F2E833F6E35}.Debug|Any CPU.Build.0 = Debug|Any CPU
		{02C2E1FE-8430-470A-B729-7F2E833F6E35}.Debug|Any CPU.Deploy.0 = Debug|Any CPU
		{02C2E1FE-8430-470A-B729-7F2E833F6E35}.Release|Any CPU.ActiveCfg = Release|Any CPU
		{02C2E1FE-8430-470A-B729-7F2E833F6E35}.Release|Any CPU.Build.0 = Release|Any CPU
		{02C2E1FE-8430-470A-B729-7F2E833F6E35}.Release|Any CPU.Deploy.0 = Release|Any CPU
		{79017189-083D-4DAE-915A-0B88244ADDA3}.Debug|Any CPU.ActiveCfg = Debug|Any CPU
		{79017189-083D-4DAE-915A-0B88244ADDA3}.Debug|Any CPU.Build.0 = Debug|Any CPU
		{79017189-083D-4DAE-915A-0B88244ADDA3}.Release|Any CPU.ActiveCfg = Release|Any CPU
		{79017189-083D-4DAE-915A-0B88244ADDA3}.Release|Any CPU.Build.0 = Release|Any CPU
	EndGlobalSection
	GlobalSection(SolutionProperties) = preSolution
		HideSolutionNode = FALSE
	EndGlobalSection
	GlobalSection(ExtensibilityGlobals) = postSolution
		SolutionGuid = {93FEE63C-04A6-4243-ABA8-80F194C1DABD}
	EndGlobalSection
EndGlobal
